version = 1
requires-python = ">=3.11"

[[package]]
name = "rarfile"
version = "4.2"
source = { registry = "https://pypi.org/simple" }
sdist = { url = "https://files.pythonhosted.org/packages/26/3f/3118a797444e7e30e784921c4bfafb6500fb288a0c84cb8c32ed15853c16/rarfile-4.2.tar.gz", hash = "sha256:8e1c8e72d0845ad2b32a47ab11a719bc2e41165ec101fd4d3fe9e92aa3f469ef", size = 153476 }
wheels = [
    { url = "https://files.pythonhosted.org/packages/62/fc/ab37559419ca36dd8dd317c3a98395ed4dcee2beeb28bf6059b972906727/rarfile-4.2-py3-none-any.whl", hash = "sha256:8757e1e3757e32962e229cab2432efc1f15f210823cc96ccba0f6a39d17370c9", size = 29052 },
]

[[package]]
name = "repl-nix-workspace"
version = "0.1.0"
source = { virtual = "." }
dependencies = [
    { name = "rarfile" },
]

[package.metadata]
requires-dist = [{ name = "rarfile", specifier = ">=4.2" }]
